// !$*UTF8*$!
{
	archiveVersion = 1;
	classes = {
	};
	objectVersion = 46;
	objects = {

/* Begin PBXBuildFile section */
		2204A2AE1B52F88B0053F9E6 /* AppDelegate.swift in Sources */ = {isa = PBXBuildFile; fileRef = 2204A2AD1B52F88B0053F9E6 /* AppDelegate.swift */; };
		2204A2B01B52F88B0053F9E6 /* MasterViewController.swift in Sources */ = {isa = PBXBuildFile; fileRef = 2204A2AF1B52F88B0053F9E6 /* MasterViewController.swift */; };
		2204A2B21B52F88B0053F9E6 /* DetailViewController.swift in Sources */ = {isa = PBXBuildFile; fileRef = 2204A2B11B52F88B0053F9E6 /* DetailViewController.swift */; };
		2204A2B51B52F88B0053F9E6 /* Main.storyboard in Resources */ = {isa = PBXBuildFile; fileRef = 2204A2B31B52F88B0053F9E6 /* Main.storyboard */; };
		2204A2B71B52F88B0053F9E6 /* Images.xcassets in Resources */ = {isa = PBXBuildFile; fileRef = 2204A2B61B52F88B0053F9E6 /* Images.xcassets */; };
		2204A2BA1B52F88B0053F9E6 /* LaunchScreen.xib in Resources */ = {isa = PBXBuildFile; fileRef = 2204A2B81B52F88B0053F9E6 /* LaunchScreen.xib */; };
		2204A2D91B52F9A90053F9E6 /* ParkLiveKit.h in Headers */ = {isa = PBXBuildFile; fileRef = 2204A2D81B52F9A90053F9E6 /* ParkLiveKit.h */; settings = {ATTRIBUTES = (Public, ); }; };
		2204A2EB1B52F9A90053F9E6 /* ParkLiveKit.framework in Frameworks */ = {isa = PBXBuildFile; fileRef = 2204A2D41B52F9A90053F9E6 /* ParkLiveKit.framework */; };
		2204A2EC1B52F9A90053F9E6 /* ParkLiveKit.framework in Embed Frameworks */ = {isa = PBXBuildFile; fileRef = 2204A2D41B52F9A90053F9E6 /* ParkLiveKit.framework */; settings = {ATTRIBUTES = (CodeSignOnCopy, RemoveHeadersOnCopy, ); }; };
		2204A2FE1B52F9F00053F9E6 /* SODAKit.h in Headers */ = {isa = PBXBuildFile; fileRef = 2204A2FD1B52F9F00053F9E6 /* SODAKit.h */; settings = {ATTRIBUTES = (Public, ); }; };
		2204A3101B52F9F00053F9E6 /* SODAKit.framework in Frameworks */ = {isa = PBXBuildFile; fileRef = 2204A2F91B52F9F00053F9E6 /* SODAKit.framework */; };
		2204A3111B52F9F00053F9E6 /* SODAKit.framework in Embed Frameworks */ = {isa = PBXBuildFile; fileRef = 2204A2F91B52F9F00053F9E6 /* SODAKit.framework */; settings = {ATTRIBUTES = (CodeSignOnCopy, RemoveHeadersOnCopy, ); }; };
/* End PBXBuildFile section */

/* Begin PBXContainerItemProxy section */
		2204A2E91B52F9A90053F9E6 /* PBXContainerItemProxy */ = {
			isa = PBXContainerItemProxy;
			containerPortal = 2204A2A01B52F88B0053F9E6 /* Project object */;
			proxyType = 1;
			remoteGlobalIDString = 2204A2D31B52F9A90053F9E6;
			remoteInfo = ParkLiveKit;
		};
		2204A30E1B52F9F00053F9E6 /* PBXContainerItemProxy */ = {
			isa = PBXContainerItemProxy;
			containerPortal = 2204A2A01B52F88B0053F9E6 /* Project object */;
			proxyType = 1;
			remoteGlobalIDString = 2204A2F81B52F9F00053F9E6;
			remoteInfo = SODAKit;
		};
/* End PBXContainerItemProxy section */

/* Begin PBXCopyFilesBuildPhase section */
		2204A2F01B52F9AA0053F9E6 /* Embed Frameworks */ = {
			isa = PBXCopyFilesBuildPhase;
			buildActionMask = 2147483647;
			dstPath = "";
			dstSubfolderSpec = 10;
			files = (
				2204A3111B52F9F00053F9E6 /* SODAKit.framework in Embed Frameworks */,
				2204A2EC1B52F9A90053F9E6 /* ParkLiveKit.framework in Embed Frameworks */,
			);
			name = "Embed Frameworks";
			runOnlyForDeploymentPostprocessing = 0;
		};
/* End PBXCopyFilesBuildPhase section */

/* Begin PBXFileReference section */
		2204A2A81B52F88B0053F9E6 /* ParkLive.app */ = {isa = PBXFileReference; explicitFileType = wrapper.application; includeInIndex = 0; path = ParkLive.app; sourceTree = BUILT_PRODUCTS_DIR; };
		2204A2AC1B52F88B0053F9E6 /* Info.plist */ = {isa = PBXFileReference; lastKnownFileType = text.plist.xml; path = Info.plist; sourceTree = "<group>"; };
		2204A2AD1B52F88B0053F9E6 /* AppDelegate.swift */ = {isa = PBXFileReference; lastKnownFileType = sourcecode.swift; path = AppDelegate.swift; sourceTree = "<group>"; };
		2204A2AF1B52F88B0053F9E6 /* MasterViewController.swift */ = {isa = PBXFileReference; lastKnownFileType = sourcecode.swift; path = MasterViewController.swift; sourceTree = "<group>"; };
		2204A2B11B52F88B0053F9E6 /* DetailViewController.swift */ = {isa = PBXFileReference; lastKnownFileType = sourcecode.swift; path = DetailViewController.swift; sourceTree = "<group>"; };
		2204A2B41B52F88B0053F9E6 /* Base */ = {isa = PBXFileReference; lastKnownFileType = file.storyboard; name = Base; path = Base.lproj/Main.storyboard; sourceTree = "<group>"; };
		2204A2B61B52F88B0053F9E6 /* Images.xcassets */ = {isa = PBXFileReference; lastKnownFileType = folder.assetcatalog; path = Images.xcassets; sourceTree = "<group>"; };
		2204A2B91B52F88B0053F9E6 /* Base */ = {isa = PBXFileReference; lastKnownFileType = file.xib; name = Base; path = Base.lproj/LaunchScreen.xib; sourceTree = "<group>"; };
		2204A2D41B52F9A90053F9E6 /* ParkLiveKit.framework */ = {isa = PBXFileReference; explicitFileType = wrapper.framework; includeInIndex = 0; path = ParkLiveKit.framework; sourceTree = BUILT_PRODUCTS_DIR; };
		2204A2D71B52F9A90053F9E6 /* Info.plist */ = {isa = PBXFileReference; lastKnownFileType = text.plist.xml; path = Info.plist; sourceTree = "<group>"; };
		2204A2D81B52F9A90053F9E6 /* ParkLiveKit.h */ = {isa = PBXFileReference; lastKnownFileType = sourcecode.c.h; path = ParkLiveKit.h; sourceTree = "<group>"; };
		2204A2F91B52F9F00053F9E6 /* SODAKit.framework */ = {isa = PBXFileReference; explicitFileType = wrapper.framework; includeInIndex = 0; path = SODAKit.framework; sourceTree = BUILT_PRODUCTS_DIR; };
		2204A2FC1B52F9F00053F9E6 /* Info.plist */ = {isa = PBXFileReference; lastKnownFileType = text.plist.xml; path = Info.plist; sourceTree = "<group>"; };
		2204A2FD1B52F9F00053F9E6 /* SODAKit.h */ = {isa = PBXFileReference; lastKnownFileType = sourcecode.c.h; path = SODAKit.h; sourceTree = "<group>"; };
/* End PBXFileReference section */

/* Begin PBXFrameworksBuildPhase section */
		2204A2A51B52F88B0053F9E6 /* Frameworks */ = {
			isa = PBXFrameworksBuildPhase;
			buildActionMask = 2147483647;
			files = (
				2204A3101B52F9F00053F9E6 /* SODAKit.framework in Frameworks */,
				2204A2EB1B52F9A90053F9E6 /* ParkLiveKit.framework in Frameworks */,
			);
			runOnlyForDeploymentPostprocessing = 0;
		};
		2204A2D01B52F9A90053F9E6 /* Frameworks */ = {
			isa = PBXFrameworksBuildPhase;
			buildActionMask = 2147483647;
			files = (
			);
			runOnlyForDeploymentPostprocessing = 0;
		};
		2204A2F51B52F9F00053F9E6 /* Frameworks */ = {
			isa = PBXFrameworksBuildPhase;
			buildActionMask = 2147483647;
			files = (
			);
			runOnlyForDeploymentPostprocessing = 0;
		};
/* End PBXFrameworksBuildPhase section */

/* Begin PBXGroup section */
		2204A29F1B52F88B0053F9E6 = {
			isa = PBXGroup;
			children = (
				2204A2AA1B52F88B0053F9E6 /* ParkLive */,
				2204A2D51B52F9A90053F9E6 /* ParkLiveKit */,
				2204A2FA1B52F9F00053F9E6 /* SODAKit */,
				2204A2A91B52F88B0053F9E6 /* Products */,
			);
			sourceTree = "<group>";
		};
		2204A2A91B52F88B0053F9E6 /* Products */ = {
			isa = PBXGroup;
			children = (
				2204A2A81B52F88B0053F9E6 /* ParkLive.app */,
				2204A2D41B52F9A90053F9E6 /* ParkLiveKit.framework */,
				2204A2F91B52F9F00053F9E6 /* SODAKit.framework */,
			);
			name = Products;
			sourceTree = "<group>";
		};
		2204A2AA1B52F88B0053F9E6 /* ParkLive */ = {
			isa = PBXGroup;
			children = (
				2204A2AD1B52F88B0053F9E6 /* AppDelegate.swift */,
				2204A2AF1B52F88B0053F9E6 /* MasterViewController.swift */,
				2204A2B11B52F88B0053F9E6 /* DetailViewController.swift */,
				2204A2B31B52F88B0053F9E6 /* Main.storyboard */,
				2204A2B61B52F88B0053F9E6 /* Images.xcassets */,
				2204A2B81B52F88B0053F9E6 /* LaunchScreen.xib */,
				2204A2AB1B52F88B0053F9E6 /* Supporting Files */,
			);
			path = ParkLive;
			sourceTree = "<group>";
		};
		2204A2AB1B52F88B0053F9E6 /* Supporting Files */ = {
			isa = PBXGroup;
			children = (
				2204A2AC1B52F88B0053F9E6 /* Info.plist */,
			);
			name = "Supporting Files";
			sourceTree = "<group>";
		};
		2204A2D51B52F9A90053F9E6 /* ParkLiveKit */ = {
			isa = PBXGroup;
			children = (
				2204A2D81B52F9A90053F9E6 /* ParkLiveKit.h */,
				2204A2D61B52F9A90053F9E6 /* Supporting Files */,
			);
			path = ParkLiveKit;
			sourceTree = "<group>";
		};
		2204A2D61B52F9A90053F9E6 /* Supporting Files */ = {
			isa = PBXGroup;
			children = (
				2204A2D71B52F9A90053F9E6 /* Info.plist */,
			);
			name = "Supporting Files";
			sourceTree = "<group>";
		};
		2204A2FA1B52F9F00053F9E6 /* SODAKit */ = {
			isa = PBXGroup;
			children = (
				2204A2FD1B52F9F00053F9E6 /* SODAKit.h */,
				2204A2FB1B52F9F00053F9E6 /* Supporting Files */,
			);
			path = SODAKit;
			sourceTree = "<group>";
		};
		2204A2FB1B52F9F00053F9E6 /* Supporting Files */ = {
			isa = PBXGroup;
			children = (
				2204A2FC1B52F9F00053F9E6 /* Info.plist */,
			);
			name = "Supporting Files";
			sourceTree = "<group>";
		};
/* End PBXGroup section */

/* Begin PBXHeadersBuildPhase section */
		2204A2D11B52F9A90053F9E6 /* Headers */ = {
			isa = PBXHeadersBuildPhase;
			buildActionMask = 2147483647;
			files = (
				2204A2D91B52F9A90053F9E6 /* ParkLiveKit.h in Headers */,
			);
			runOnlyForDeploymentPostprocessing = 0;
		};
		2204A2F61B52F9F00053F9E6 /* Headers */ = {
			isa = PBXHeadersBuildPhase;
			buildActionMask = 2147483647;
			files = (
				2204A2FE1B52F9F00053F9E6 /* SODAKit.h in Headers */,
			);
			runOnlyForDeploymentPostprocessing = 0;
		};
/* End PBXHeadersBuildPhase section */

/* Begin PBXNativeTarget section */
		2204A2A71B52F88B0053F9E6 /* ParkLive */ = {
			isa = PBXNativeTarget;
			buildConfigurationList = 2204A2C91B52F88B0053F9E6 /* Build configuration list for PBXNativeTarget "ParkLive" */;
			buildPhases = (
				2204A2A41B52F88B0053F9E6 /* Sources */,
				2204A2A51B52F88B0053F9E6 /* Frameworks */,
				2204A2A61B52F88B0053F9E6 /* Resources */,
				2204A2F01B52F9AA0053F9E6 /* Embed Frameworks */,
			);
			buildRules = (
			);
			dependencies = (
				2204A2EA1B52F9A90053F9E6 /* PBXTargetDependency */,
				2204A30F1B52F9F00053F9E6 /* PBXTargetDependency */,
			);
			name = ParkLive;
			productName = ParkLive;
			productReference = 2204A2A81B52F88B0053F9E6 /* ParkLive.app */;
			productType = "com.apple.product-type.application";
		};
		2204A2D31B52F9A90053F9E6 /* ParkLiveKit */ = {
			isa = PBXNativeTarget;
			buildConfigurationList = 2204A2ED1B52F9AA0053F9E6 /* Build configuration list for PBXNativeTarget "ParkLiveKit" */;
			buildPhases = (
				2204A2CF1B52F9A90053F9E6 /* Sources */,
				2204A2D01B52F9A90053F9E6 /* Frameworks */,
				2204A2D11B52F9A90053F9E6 /* Headers */,
				2204A2D21B52F9A90053F9E6 /* Resources */,
			);
			buildRules = (
			);
			dependencies = (
			);
			name = ParkLiveKit;
			productName = ParkLiveKit;
			productReference = 2204A2D41B52F9A90053F9E6 /* ParkLiveKit.framework */;
			productType = "com.apple.product-type.framework";
		};
		2204A2F81B52F9F00053F9E6 /* SODAKit */ = {
			isa = PBXNativeTarget;
			buildConfigurationList = 2204A3121B52F9F00053F9E6 /* Build configuration list for PBXNativeTarget "SODAKit" */;
			buildPhases = (
				2204A2F41B52F9F00053F9E6 /* Sources */,
				2204A2F51B52F9F00053F9E6 /* Frameworks */,
				2204A2F61B52F9F00053F9E6 /* Headers */,
				2204A2F71B52F9F00053F9E6 /* Resources */,
			);
			buildRules = (
			);
			dependencies = (
			);
			name = SODAKit;
			productName = SODAKit;
			productReference = 2204A2F91B52F9F00053F9E6 /* SODAKit.framework */;
			productType = "com.apple.product-type.framework";
		};
/* End PBXNativeTarget section */

/* Begin PBXProject section */
		2204A2A01B52F88B0053F9E6 /* Project object */ = {
			isa = PBXProject;
			attributes = {
				LastUpgradeCheck = 0640;
				ORGANIZATIONNAME = VisualPutty;
				TargetAttributes = {
					2204A2A71B52F88B0053F9E6 = {
						CreatedOnToolsVersion = 6.4;
					};
					2204A2D31B52F9A90053F9E6 = {
						CreatedOnToolsVersion = 6.4;
					};
					2204A2F81B52F9F00053F9E6 = {
						CreatedOnToolsVersion = 6.4;
					};
				};
			};
			buildConfigurationList = 2204A2A31B52F88B0053F9E6 /* Build configuration list for PBXProject "ParkLive" */;
			compatibilityVersion = "Xcode 3.2";
			developmentRegion = English;
			hasScannedForEncodings = 0;
			knownRegions = (
				en,
				Base,
			);
			mainGroup = 2204A29F1B52F88B0053F9E6;
			productRefGroup = 2204A2A91B52F88B0053F9E6 /* Products */;
			projectDirPath = "";
			projectRoot = "";
			targets = (
				2204A2A71B52F88B0053F9E6 /* ParkLive */,
				2204A2D31B52F9A90053F9E6 /* ParkLiveKit */,
				2204A2F81B52F9F00053F9E6 /* SODAKit */,
			);
		};
/* End PBXProject section */

/* Begin PBXResourcesBuildPhase section */
		2204A2A61B52F88B0053F9E6 /* Resources */ = {
			isa = PBXResourcesBuildPhase;
			buildActionMask = 2147483647;
			files = (
				2204A2B51B52F88B0053F9E6 /* Main.storyboard in Resources */,
				2204A2BA1B52F88B0053F9E6 /* LaunchScreen.xib in Resources */,
				2204A2B71B52F88B0053F9E6 /* Images.xcassets in Resources */,
			);
			runOnlyForDeploymentPostprocessing = 0;
		};
		2204A2D21B52F9A90053F9E6 /* Resources */ = {
			isa = PBXResourcesBuildPhase;
			buildActionMask = 2147483647;
			files = (
			);
			runOnlyForDeploymentPostprocessing = 0;
		};
		2204A2F71B52F9F00053F9E6 /* Resources */ = {
			isa = PBXResourcesBuildPhase;
			buildActionMask = 2147483647;
			files = (
			);
			runOnlyForDeploymentPostprocessing = 0;
		};
/* End PBXResourcesBuildPhase section */

/* Begin PBXSourcesBuildPhase section */
		2204A2A41B52F88B0053F9E6 /* Sources */ = {
			isa = PBXSourcesBuildPhase;
			buildActionMask = 2147483647;
			files = (
				2204A2B21B52F88B0053F9E6 /* DetailViewController.swift in Sources */,
				2204A2B01B52F88B0053F9E6 /* MasterViewController.swift in Sources */,
				2204A2AE1B52F88B0053F9E6 /* AppDelegate.swift in Sources */,
			);
			runOnlyForDeploymentPostprocessing = 0;
		};
		2204A2CF1B52F9A90053F9E6 /* Sources */ = {
			isa = PBXSourcesBuildPhase;
			buildActionMask = 2147483647;
			files = (
			);
			runOnlyForDeploymentPostprocessing = 0;
		};
		2204A2F41B52F9F00053F9E6 /* Sources */ = {
			isa = PBXSourcesBuildPhase;
			buildActionMask = 2147483647;
			files = (
			);
			runOnlyForDeploymentPostprocessing = 0;
		};
/* End PBXSourcesBuildPhase section */

/* Begin PBXTargetDependency section */
		2204A2EA1B52F9A90053F9E6 /* PBXTargetDependency */ = {
			isa = PBXTargetDependency;
			target = 2204A2D31B52F9A90053F9E6 /* ParkLiveKit */;
			targetProxy = 2204A2E91B52F9A90053F9E6 /* PBXContainerItemProxy */;
		};
		2204A30F1B52F9F00053F9E6 /* PBXTargetDependency */ = {
			isa = PBXTargetDependency;
			target = 2204A2F81B52F9F00053F9E6 /* SODAKit */;
			targetProxy = 2204A30E1B52F9F00053F9E6 /* PBXContainerItemProxy */;
		};
/* End PBXTargetDependency section */

/* Begin PBXVariantGroup section */
		2204A2B31B52F88B0053F9E6 /* Main.storyboard */ = {
			isa = PBXVariantGroup;
			children = (
				2204A2B41B52F88B0053F9E6 /* Base */,
			);
			name = Main.storyboard;
			sourceTree = "<group>";
		};
		2204A2B81B52F88B0053F9E6 /* LaunchScreen.xib */ = {
			isa = PBXVariantGroup;
			children = (
				2204A2B91B52F88B0053F9E6 /* Base */,
			);
			name = LaunchScreen.xib;
			sourceTree = "<group>";
		};
/* End PBXVariantGroup section */

/* Begin XCBuildConfiguration section */
		2204A2C71B52F88B0053F9E6 /* Debug */ = {
			isa = XCBuildConfiguration;
			buildSettings = {
				ALWAYS_SEARCH_USER_PATHS = NO;
				CLANG_CXX_LANGUAGE_STANDARD = "gnu++0x";
				CLANG_CXX_LIBRARY = "libc++";
				CLANG_ENABLE_MODULES = YES;
				CLANG_ENABLE_OBJC_ARC = YES;
				CLANG_WARN_BOOL_CONVERSION = YES;
				CLANG_WARN_CONSTANT_CONVERSION = YES;
				CLANG_WARN_DIRECT_OBJC_ISA_USAGE = YES_ERROR;
				CLANG_WARN_EMPTY_BODY = YES;
				CLANG_WARN_ENUM_CONVERSION = YES;
				CLANG_WARN_INT_CONVERSION = YES;
				CLANG_WARN_OBJC_ROOT_CLASS = YES_ERROR;
				CLANG_WARN_UNREACHABLE_CODE = YES;
				CLANG_WARN__DUPLICATE_METHOD_MATCH = YES;
				"CODE_SIGN_IDENTITY[sdk=iphoneos*]" = "iPhone Developer";
				COPY_PHASE_STRIP = NO;
				DEBUG_INFORMATION_FORMAT = "dwarf-with-dsym";
				ENABLE_STRICT_OBJC_MSGSEND = YES;
				GCC_C_LANGUAGE_STANDARD = gnu99;
				GCC_DYNAMIC_NO_PIC = NO;
				GCC_NO_COMMON_BLOCKS = YES;
				GCC_OPTIMIZATION_LEVEL = 0;
				GCC_PREPROCESSOR_DEFINITIONS = (
					"DEBUG=1",
					"$(inherited)",
				);
				GCC_SYMBOLS_PRIVATE_EXTERN = NO;
				GCC_WARN_64_TO_32_BIT_CONVERSION = YES;
				GCC_WARN_ABOUT_RETURN_TYPE = YES_ERROR;
				GCC_WARN_UNDECLARED_SELECTOR = YES;
				GCC_WARN_UNINITIALIZED_AUTOS = YES_AGGRESSIVE;
				GCC_WARN_UNUSED_FUNCTION = YES;
				GCC_WARN_UNUSED_VARIABLE = YES;
				IPHONEOS_DEPLOYMENT_TARGET = 8.4;
				MTL_ENABLE_DEBUG_INFO = YES;
				ONLY_ACTIVE_ARCH = YES;
				SDKROOT = iphoneos;
				SWIFT_OPTIMIZATION_LEVEL = "-Onone";
			};
			name = Debug;
		};
		2204A2C81B52F88B0053F9E6 /* Release */ = {
			isa = XCBuildConfiguration;
			buildSettings = {
				ALWAYS_SEARCH_USER_PATHS = NO;
				CLANG_CXX_LANGUAGE_STANDARD = "gnu++0x";
				CLANG_CXX_LIBRARY = "libc++";
				CLANG_ENABLE_MODULES = YES;
				CLANG_ENABLE_OBJC_ARC = YES;
				CLANG_WARN_BOOL_CONVERSION = YES;
				CLANG_WARN_CONSTANT_CONVERSION = YES;
				CLANG_WARN_DIRECT_OBJC_ISA_USAGE = YES_ERROR;
				CLANG_WARN_EMPTY_BODY = YES;
				CLANG_WARN_ENUM_CONVERSION = YES;
				CLANG_WARN_INT_CONVERSION = YES;
				CLANG_WARN_OBJC_ROOT_CLASS = YES_ERROR;
				CLANG_WARN_UNREACHABLE_CODE = YES;
				CLANG_WARN__DUPLICATE_METHOD_MATCH = YES;
				"CODE_SIGN_IDENTITY[sdk=iphoneos*]" = "iPhone Developer";
				COPY_PHASE_STRIP = NO;
				DEBUG_INFORMATION_FORMAT = "dwarf-with-dsym";
				ENABLE_NS_ASSERTIONS = NO;
				ENABLE_STRICT_OBJC_MSGSEND = YES;
				GCC_C_LANGUAGE_STANDARD = gnu99;
				GCC_NO_COMMON_BLOCKS = YES;
				GCC_WARN_64_TO_32_BIT_CONVERSION = YES;
				GCC_WARN_ABOUT_RETURN_TYPE = YES_ERROR;
				GCC_WARN_UNDECLARED_SELECTOR = YES;
				GCC_WARN_UNINITIALIZED_AUTOS = YES_AGGRESSIVE;
				GCC_WARN_UNUSED_FUNCTION = YES;
				GCC_WARN_UNUSED_VARIABLE = YES;
				IPHONEOS_DEPLOYMENT_TARGET = 8.4;
				MTL_ENABLE_DEBUG_INFO = NO;
				SDKROOT = iphoneos;
				VALIDATE_PRODUCT = YES;
			};
			name = Release;
		};
		2204A2CA1B52F88B0053F9E6 /* Debug */ = {
			isa = XCBuildConfiguration;
			buildSettings = {
				ASSETCATALOG_COMPILER_APPICON_NAME = AppIcon;
				INFOPLIST_FILE = ParkLive/Info.plist;
				LD_RUNPATH_SEARCH_PATHS = "$(inherited) @executable_path/Frameworks";
				PRODUCT_NAME = "$(TARGET_NAME)";
			};
			name = Debug;
		};
		2204A2CB1B52F88B0053F9E6 /* Release */ = {
			isa = XCBuildConfiguration;
			buildSettings = {
				ASSETCATALOG_COMPILER_APPICON_NAME = AppIcon;
				INFOPLIST_FILE = ParkLive/Info.plist;
				LD_RUNPATH_SEARCH_PATHS = "$(inherited) @executable_path/Frameworks";
				PRODUCT_NAME = "$(TARGET_NAME)";
			};
			name = Release;
		};
		2204A2EE1B52F9AA0053F9E6 /* Debug */ = {
			isa = XCBuildConfiguration;
			buildSettings = {
				CURRENT_PROJECT_VERSION = 1;
				DEFINES_MODULE = YES;
				DYLIB_COMPATIBILITY_VERSION = 1;
				DYLIB_CURRENT_VERSION = 1;
				DYLIB_INSTALL_NAME_BASE = "@rpath";
				GCC_PREPROCESSOR_DEFINITIONS = (
					"DEBUG=1",
					"$(inherited)",
				);
				INFOPLIST_FILE = ParkLiveKit/Info.plist;
				INSTALL_PATH = "$(LOCAL_LIBRARY_DIR)/Frameworks";
				LD_RUNPATH_SEARCH_PATHS = "$(inherited) @executable_path/Frameworks @loader_path/Frameworks";
				PRODUCT_NAME = "$(TARGET_NAME)";
				SKIP_INSTALL = YES;
				TARGETED_DEVICE_FAMILY = "1,2";
				VERSIONING_SYSTEM = "apple-generic";
				VERSION_INFO_PREFIX = "";
			};
			name = Debug;
		};
		2204A2EF1B52F9AA0053F9E6 /* Release */ = {
			isa = XCBuildConfiguration;
			buildSettings = {
				CURRENT_PROJECT_VERSION = 1;
				DEFINES_MODULE = YES;
				DYLIB_COMPATIBILITY_VERSION = 1;
				DYLIB_CURRENT_VERSION = 1;
				DYLIB_INSTALL_NAME_BASE = "@rpath";
				INFOPLIST_FILE = ParkLiveKit/Info.plist;
				INSTALL_PATH = "$(LOCAL_LIBRARY_DIR)/Frameworks";
				LD_RUNPATH_SEARCH_PATHS = "$(inherited) @executable_path/Frameworks @loader_path/Frameworks";
				PRODUCT_NAME = "$(TARGET_NAME)";
				SKIP_INSTALL = YES;
				TARGETED_DEVICE_FAMILY = "1,2";
				VERSIONING_SYSTEM = "apple-generic";
				VERSION_INFO_PREFIX = "";
			};
			name = Release;
		};
		2204A3131B52F9F00053F9E6 /* Debug */ = {
			isa = XCBuildConfiguration;
			buildSettings = {
				CURRENT_PROJECT_VERSION = 1;
				DEFINES_MODULE = YES;
				DYLIB_COMPATIBILITY_VERSION = 1;
				DYLIB_CURRENT_VERSION = 1;
				DYLIB_INSTALL_NAME_BASE = "@rpath";
				GCC_PREPROCESSOR_DEFINITIONS = (
					"DEBUG=1",
					"$(inherited)",
				);
				INFOPLIST_FILE = SODAKit/Info.plist;
				INSTALL_PATH = "$(LOCAL_LIBRARY_DIR)/Frameworks";
				LD_RUNPATH_SEARCH_PATHS = "$(inherited) @executable_path/Frameworks @loader_path/Frameworks";
				PRODUCT_NAME = "$(TARGET_NAME)";
				SKIP_INSTALL = YES;
				TARGETED_DEVICE_FAMILY = "1,2";
				VERSIONING_SYSTEM = "apple-generic";
				VERSION_INFO_PREFIX = "";
			};
			name = Debug;
		};
		2204A3141B52F9F00053F9E6 /* Release */ = {
			isa = XCBuildConfiguration;
			buildSettings = {
				CURRENT_PROJECT_VERSION = 1;
				DEFINES_MODULE = YES;
				DYLIB_COMPATIBILITY_VERSION = 1;
				DYLIB_CURRENT_VERSION = 1;
				DYLIB_INSTALL_NAME_BASE = "@rpath";
				INFOPLIST_FILE = SODAKit/Info.plist;
				INSTALL_PATH = "$(LOCAL_LIBRARY_DIR)/Frameworks";
				LD_RUNPATH_SEARCH_PATHS = "$(inherited) @executable_path/Frameworks @loader_path/Frameworks";
				PRODUCT_NAME = "$(TARGET_NAME)";
				SKIP_INSTALL = YES;
				TARGETED_DEVICE_FAMILY = "1,2";
				VERSIONING_SYSTEM = "apple-generic";
				VERSION_INFO_PREFIX = "";
			};
			name = Release;
		};
/* End XCBuildConfiguration section */

/* Begin XCConfigurationList section */
		2204A2A31B52F88B0053F9E6 /* Build configuration list for PBXProject "ParkLive" */ = {
			isa = XCConfigurationList;
			buildConfigurations = (
				2204A2C71B52F88B0053F9E6 /* Debug */,
				2204A2C81B52F88B0053F9E6 /* Release */,
			);
			defaultConfigurationIsVisible = 0;
			defaultConfigurationName = Release;
		};
		2204A2C91B52F88B0053F9E6 /* Build configuration list for PBXNativeTarget "ParkLive" */ = {
			isa = XCConfigurationList;
			buildConfigurations = (
				2204A2CA1B52F88B0053F9E6 /* Debug */,
				2204A2CB1B52F88B0053F9E6 /* Release */,
			);
			defaultConfigurationIsVisible = 0;
		};
		2204A2ED1B52F9AA0053F9E6 /* Build configuration list for PBXNativeTarget "ParkLiveKit" */ = {
			isa = XCConfigurationList;
			buildConfigurations = (
				2204A2EE1B52F9AA0053F9E6 /* Debug */,
				2204A2EF1B52F9AA0053F9E6 /* Release */,
			);
			defaultConfigurationIsVisible = 0;
		};
		2204A3121B52F9F00053F9E6 /* Build configuration list for PBXNativeTarget "SODAKit" */ = {
			isa = XCConfigurationList;
			buildConfigurations = (
				2204A3131B52F9F00053F9E6 /* Debug */,
				2204A3141B52F9F00053F9E6 /* Release */,
			);
			defaultConfigurationIsVisible = 0;
		};
/* End XCConfigurationList section */
	};
	rootObject = 2204A2A01B52F88B0053F9E6 /* Project object */;
}
